{
  "name": "education-perfect-answer-intercepter",
  "version": "1.0.0",
  "lockfileVersion": 2,
  "requires": true,
  "packages": {
    "": {
      "name": "education-perfect-answer-intercepter",
      "version": "1.0.0",
      "license": "ISC",
      "dependencies": {
        "@mswjs/interceptors": "^0.15.1"
      }
    },
    "node_modules/@mswjs/interceptors": {
      "version": "0.15.1",
      "resolved": "https://registry.npmjs.org/@mswjs/interceptors/-/interceptors-0.15.1.tgz",
      "integrity": "sha512-D5B+ZJNlfvBm6ZctAfRBdNJdCHYAe2Ix4My5qfbHV5WH+3lkt3mmsjiWJzEh5ZwGDauzY487TldI275If7DJVw==",
      "dependencies": {
        "@open-draft/until": "^1.0.3",
        "@xmldom/xmldom": "^0.7.5",
        "debug": "^4.3.3",
        "headers-polyfill": "^3.0.4",
        "outvariant": "^1.2.1",
        "strict-event-emitter": "^0.2.0"
      },
      "engines": {
        "node": ">=14"
      }
    },
    "node_modules/@open-draft/until": {
      "version": "1.0.3",
      "resolved": "https://registry.npmjs.org/@open-draft/until/-/until-1.0.3.tgz",
      "integrity": "sha512-Aq58f5HiWdyDlFffbbSjAlv596h/cOnt2DO1w3DOC7OJ5EHs0hd/nycJfiu9RJbT6Yk6F1knnRRXNSpxoIVZ9Q=="
    },
    "node_modules/@xmldom/xmldom": {
      "version": "0.7.5",
      "resolved": "https://registry.npmjs.org/@xmldom/xmldom/-/xmldom-0.7.5.tgz",
      "integrity": "sha512-V3BIhmY36fXZ1OtVcI9W+FxQqxVLsPKcNjWigIaa81dLC9IolJl5Mt4Cvhmr0flUnjSpTdrbMTSbXqYqV5dT6A==",
      "engines": {
        "node": ">=10.0.0"
      }
    },
    "node_modules/debug": {
      "version": "4.3.4",
      "resolved": "https://registry.npmjs.org/debug/-/debug-4.3.4.tgz",
      "integrity": "sha512-PRWFHuSU3eDtQJPvnNY7Jcket1j0t5OuOsFzPPzsekD52Zl8qUfFIPEiswXqIvHWGVHOgX+7G/vCNNhehwxfkQ==",
      "dependencies": {
        "ms": "2.1.2"
      },
      "engines": {
        "node": ">=6.0"
      },
      "peerDependenciesMeta": {
        "supports-color": {
          "optional": true
        }
      }
    },
    "node_modules/events": {
      "version": "3.3.0",
      "resolved": "https://registry.npmjs.org/events/-/events-3.3.0.tgz",
      "integrity": "sha512-mQw+2fkQbALzQ7V0MY0IqdnXNOeTtP4r0lN9z7AAawCXgqea7bDii20AYrIBrFd/Hx0M2Ocz6S111CaFkUcb0Q==",
      "engines": {
        "node": ">=0.8.x"
      }
    },
    "node_modules/headers-polyfill": {
      "version": "3.0.7",
      "resolved": "https://registry.npmjs.org/headers-polyfill/-/headers-polyfill-3.0.7.tgz",
      "integrity": "sha512-JoLCAdCEab58+2/yEmSnOlficyHFpIl0XJqwu3l+Unkm1gXpFUYsThz6Yha3D6tNhocWkCPfyW0YVIGWFqTi7w=="
    },
    "node_modules/ms": {
      "version": "2.1.2",
      "resolved": "https://registry.npmjs.org/ms/-/ms-2.1.2.tgz",
      "integrity": "sha512-sGkPx+VjMtmA6MX27oA4FBFELFCZZ4S4XqeGOXCv68tT+jb3vk/RyaKWP0PTKyWtmLSM0b+adUTEvbs1PEaH2w=="
    },
    "node_modules/outvariant": {
      "version": "1.3.0",
      "resolved": "https://registry.npmjs.org/outvariant/-/outvariant-1.3.0.tgz",
      "integrity": "sha512-yeWM9k6UPfG/nzxdaPlJkB2p08hCg4xP6Lx99F+vP8YF7xyZVfTmJjrrNalkmzudD4WFvNLVudQikqUmF8zhVQ=="
    },
    "node_modules/strict-event-emitter": {
      "version": "0.2.4",
      "resolved": "https://registry.npmjs.org/strict-event-emitter/-/strict-event-emitter-0.2.4.tgz",
      "integrity": "sha512-xIqTLS5azUH1djSUsLH9DbP6UnM/nI18vu8d43JigCQEoVsnY+mrlE+qv6kYqs6/1OkMnMIiL6ffedQSZStuoQ==",
      "dependencies": {
        "events": "^3.3.0"
      }
    }
  },
  "dependencies": {
    "@mswjs/interceptors": {
      "version": "0.15.1",
      "resolved": "https://registry.npmjs.org/@mswjs/interceptors/-/interceptors-0.15.1.tgz",
      "integrity": "sha512-D5B+ZJNlfvBm6ZctAfRBdNJdCHYAe2Ix4My5qfbHV5WH+3lkt3mmsjiWJzEh5ZwGDauzY487TldI275If7DJVw==",
      "requires": {
        "@open-draft/until": "^1.0.3",
        "@xmldom/xmldom": "^0.7.5",
        "debug": "^4.3.3",
        "headers-polyfill": "^3.0.4",
        "outvariant": "^1.2.1",
        "strict-event-emitter": "^0.2.0"
      }
    },
    "@open-draft/until": {
      "version": "1.0.3",
      "resolved": "https://registry.npmjs.org/@open-draft/until/-/until-1.0.3.tgz",
      "integrity": "sha512-Aq58f5HiWdyDlFffbbSjAlv596h/cOnt2DO1w3DOC7OJ5EHs0hd/nycJfiu9RJbT6Yk6F1knnRRXNSpxoIVZ9Q=="
    },
    "@xmldom/xmldom": {
      "version": "0.7.5",
      "resolved": "https://registry.npmjs.org/@xmldom/xmldom/-/xmldom-0.7.5.tgz",
      "integrity": "sha512-V3BIhmY36fXZ1OtVcI9W+FxQqxVLsPKcNjWigIaa81dLC9IolJl5Mt4Cvhmr0flUnjSpTdrbMTSbXqYqV5dT6A=="
    },
    "debug": {
      "version": "4.3.4",
      "resolved": "https://registry.npmjs.org/debug/-/debug-4.3.4.tgz",
      "integrity": "sha512-PRWFHuSU3eDtQJPvnNY7Jcket1j0t5OuOsFzPPzsekD52Zl8qUfFIPEiswXqIvHWGVHOgX+7G/vCNNhehwxfkQ==",
      "requires": {
        "ms": "2.1.2"
      }
    },
    "events": {
      "version": "3.3.0",
      "resolved": "https://registry.npmjs.org/events/-/events-3.3.0.tgz",
      "integrity": "sha512-mQw+2fkQbALzQ7V0MY0IqdnXNOeTtP4r0lN9z7AAawCXgqea7bDii20AYrIBrFd/Hx0M2Ocz6S111CaFkUcb0Q=="
    },
    "headers-polyfill": {
      "version": "3.0.7",
      "resolved": "https://registry.npmjs.org/headers-polyfill/-/headers-polyfill-3.0.7.tgz",
      "integrity": "sha512-JoLCAdCEab58+2/yEmSnOlficyHFpIl0XJqwu3l+Unkm1gXpFUYsThz6Yha3D6tNhocWkCPfyW0YVIGWFqTi7w=="
    },
    "ms": {
      "version": "2.1.2",
      "resolved": "https://registry.npmjs.org/ms/-/ms-2.1.2.tgz",
      "integrity": "sha512-sGkPx+VjMtmA6MX27oA4FBFELFCZZ4S4XqeGOXCv68tT+jb3vk/RyaKWP0PTKyWtmLSM0b+adUTEvbs1PEaH2w=="
    },
    "outvariant": {
      "version": "1.3.0",
      "resolved": "https://registry.npmjs.org/outvariant/-/outvariant-1.3.0.tgz",
      "integrity": "sha512-yeWM9k6UPfG/nzxdaPlJkB2p08hCg4xP6Lx99F+vP8YF7xyZVfTmJjrrNalkmzudD4WFvNLVudQikqUmF8zhVQ=="
    },
    "strict-event-emitter": {
      "version": "0.2.4",
      "resolved": "https://registry.npmjs.org/strict-event-emitter/-/strict-event-emitter-0.2.4.tgz",
      "integrity": "sha512-xIqTLS5azUH1djSUsLH9DbP6UnM/nI18vu8d43JigCQEoVsnY+mrlE+qv6kYqs6/1OkMnMIiL6ffedQSZStuoQ==",
      "requires": {
        "events": "^3.3.0"
      }
    }
  }
}
